
Microsoft Visual Studio Solution File, Format Version 12.00
# Visual Studio Version 17
VisualStudioVersion = 17.3.32804.467
MinimumVisualStudioVersion = 10.0.40219.1
Project("{FAE04EC0-301F-11D3-BF4B-00C04F79EFBC}") = "ASimpleGame", "ASimpleGame\ASimpleGame.csproj", "{C1B1EAF9-8D89-459A-8147-1D2C3FB46CA8}"
EndProject
Global
	GlobalSection(SolutionConfigurationPlatforms) = preSolution
		Debug|Any CPU = Debug|Any CPU
		Release|Any CPU = Release|Any CPU
	EndGlobalSection
	GlobalSection(ProjectConfigurationPlatforms) = postSolution
		{C1B1EAF9-8D89-459A-8147-1D2C3FB46CA8}.Debug|Any CPU.ActiveCfg = Debug|Any CPU
		{C1B1EAF9-8D89-459A-8147-1D2C3FB46CA8}.Debug|Any CPU.Build.0 = Debug|Any CPU
		{C1B1EAF9-8D89-459A-8147-1D2C3FB46CA8}.Release|Any CPU.ActiveCfg = Release|Any CPU
		{C1B1EAF9-8D89-459A-8147-1D2C3FB46CA8}.Release|Any CPU.Build.0 = Release|Any CPU
	EndGlobalSection
	GlobalSection(SolutionProperties) = preSolution
		HideSolutionNode = FALSE
	EndGlobalSection
	GlobalSection(ExtensibilityGlobals) = postSolution
		SolutionGuid = {14131A35-2C82-4C76-94E2-A5E8313EA20B}
	EndGlobalSection
EndGlobal
